
Microsoft Visual Studio Solution File, Format Version 12.00
# Visual Studio Version 17
VisualStudioVersion = 17.9.34728.123
MinimumVisualStudioVersion = 10.0.40219.1
Project("{FAE04EC0-301F-11D3-BF4B-00C04F79EFBC}") = "PhotoshopChecker", "PhotoshopChecker.csproj", "{055C96B7-4E76-4347-B576-5E4ACB80DFA9}"
EndProject
Global
	GlobalSection(SolutionConfigurationPlatforms) = preSolution
		Debug|Any CPU = Debug|Any CPU
		Release|Any CPU = Release|Any CPU
	EndGlobalSection
	GlobalSection(ProjectConfigurationPlatforms) = postSolution
		{055C96B7-4E76-4347-B576-5E4ACB80DFA9}.Debug|Any CPU.ActiveCfg = Debug|Any CPU
		{055C96B7-4E76-4347-B576-5E4ACB80DFA9}.Debug|Any CPU.Build.0 = Debug|Any CPU
		{055C96B7-4E76-4347-B576-5E4ACB80DFA9}.Release|Any CPU.ActiveCfg = Release|Any CPU
		{055C96B7-4E76-4347-B576-5E4ACB80DFA9}.Release|Any CPU.Build.0 = Release|Any CPU
	EndGlobalSection
	GlobalSection(SolutionProperties) = preSolution
		HideSolutionNode = FALSE
	EndGlobalSection
	GlobalSection(ExtensibilityGlobals) = postSolution
		SolutionGuid = {CC22A37A-AC10-4D33-917C-BE525B19228B}
	EndGlobalSection
EndGlobal
